
Microsoft Visual Studio Solution File, Format Version 12.00
# Visual Studio Version 17
VisualStudioVersion = 17.5.002.0
MinimumVisualStudioVersion = 10.0.40219.1
Project("{2150E333-8FDC-42A3-9474-1A3956D46DE8}") = "state", "state", "{000C5A30-8B1E-44EA-B190-78B68A65CD77}"
EndProject
Project("{9A19103F-16F7-4668-BE54-9A1E7A4F7556}") = "state-min-api", "state\state-min-api\state-min-api.csproj", "{4A86ED2C-1E97-4C97-B91C-8D42DBBAC6D1}"
EndProject
Global
	GlobalSection(SolutionConfigurationPlatforms) = preSolution
		Debug|Any CPU = Debug|Any CPU
		Release|Any CPU = Release|Any CPU
	EndGlobalSection
	GlobalSection(ProjectConfigurationPlatforms) = postSolution
		{4A86ED2C-1E97-4C97-B91C-8D42DBBAC6D1}.Debug|Any CPU.ActiveCfg = Debug|Any CPU
		{4A86ED2C-1E97-4C97-B91C-8D42DBBAC6D1}.Debug|Any CPU.Build.0 = Debug|Any CPU
		{4A86ED2C-1E97-4C97-B91C-8D42DBBAC6D1}.Release|Any CPU.ActiveCfg = Release|Any CPU
		{4A86ED2C-1E97-4C97-B91C-8D42DBBAC6D1}.Release|Any CPU.Build.0 = Release|Any CPU
	EndGlobalSection
	GlobalSection(SolutionProperties) = preSolution
		HideSolutionNode = FALSE
	EndGlobalSection
	GlobalSection(NestedProjects) = preSolution
		{4A86ED2C-1E97-4C97-B91C-8D42DBBAC6D1} = {000C5A30-8B1E-44EA-B190-78B68A65CD77}
	EndGlobalSection
	GlobalSection(ExtensibilityGlobals) = postSolution
		SolutionGuid = {FAD95BD6-38B8-428D-8C77-64AF72202192}
	EndGlobalSection
EndGlobal
